
Microsoft Visual Studio Solution File, Format Version 12.00
# Visual Studio Version 17
VisualStudioVersion = 17.13.36105.23
MinimumVisualStudioVersion = 10.0.40219.1
Project("{FAE04EC0-301F-11D3-BF4B-00C04F79EFBC}") = "DeskBurst", "DeskBurst.csproj", "{6367E081-63BF-20CC-DF66-6E0094A8306A}"
EndProject
Global
	GlobalSection(SolutionConfigurationPlatforms) = preSolution
		Debug|Any CPU = Debug|Any CPU
		Release|Any CPU = Release|Any CPU
	EndGlobalSection
	GlobalSection(ProjectConfigurationPlatforms) = postSolution
		{6367E081-63BF-20CC-DF66-6E0094A8306A}.Debug|Any CPU.ActiveCfg = Debug|Any CPU
		{6367E081-63BF-20CC-DF66-6E0094A8306A}.Debug|Any CPU.Build.0 = Debug|Any CPU
		{6367E081-63BF-20CC-DF66-6E0094A8306A}.Release|Any CPU.ActiveCfg = Release|Any CPU
		{6367E081-63BF-20CC-DF66-6E0094A8306A}.Release|Any CPU.Build.0 = Release|Any CPU
	EndGlobalSection
	GlobalSection(SolutionProperties) = preSolution
		HideSolutionNode = FALSE
	EndGlobalSection
	GlobalSection(ExtensibilityGlobals) = postSolution
		SolutionGuid = {8409E0C3-461D-4E33-B4CC-AD3BCCC2DBF1}
	EndGlobalSection
EndGlobal
